
Microsoft Visual Studio Solution File, Format Version 12.00
# Visual Studio Version 17
VisualStudioVersion = 17.3.32922.545
MinimumVisualStudioVersion = 10.0.40219.1
Project("{9A19103F-16F7-4668-BE54-9A1E7A4F7556}") = "Backoffice_APP", "Backoffice_APP\Backoffice_APP.csproj", "{DB40E9E6-095A-4ED3-B816-719BBE69FEED}"
EndProject
Project("{54435603-DBB4-11D2-8724-00A0C9A8B90C}") = "CesiEats-Backoffice-Installer", "CesiEats-Backoffice-Installer\CesiEats-Backoffice-Installer.vdproj", "{FDA7A820-6A4E-42E3-A32F-33EBD601856C}"
EndProject
Global
	GlobalSection(SolutionConfigurationPlatforms) = preSolution
		Debug|Any CPU = Debug|Any CPU
		Release|Any CPU = Release|Any CPU
	EndGlobalSection
	GlobalSection(ProjectConfigurationPlatforms) = postSolution
		{DB40E9E6-095A-4ED3-B816-719BBE69FEED}.Debug|Any CPU.ActiveCfg = Debug|Any CPU
		{DB40E9E6-095A-4ED3-B816-719BBE69FEED}.Debug|Any CPU.Build.0 = Debug|Any CPU
		{DB40E9E6-095A-4ED3-B816-719BBE69FEED}.Release|Any CPU.ActiveCfg = Release|Any CPU
		{DB40E9E6-095A-4ED3-B816-719BBE69FEED}.Release|Any CPU.Build.0 = Release|Any CPU
		{FDA7A820-6A4E-42E3-A32F-33EBD601856C}.Debug|Any CPU.ActiveCfg = Debug
		{FDA7A820-6A4E-42E3-A32F-33EBD601856C}.Release|Any CPU.ActiveCfg = Release
	EndGlobalSection
	GlobalSection(SolutionProperties) = preSolution
		HideSolutionNode = FALSE
	EndGlobalSection
	GlobalSection(ExtensibilityGlobals) = postSolution
		SolutionGuid = {F450D0F4-133B-4484-94BF-FB25457F57ED}
	EndGlobalSection
EndGlobal
